
Microsoft Visual Studio Solution File, Format Version 12.00
# Visual Studio Version 17
VisualStudioVersion = 17.9.34701.34
MinimumVisualStudioVersion = 10.0.40219.1
Project("{FAE04EC0-301F-11D3-BF4B-00C04F79EFBC}") = "pizzeria", "pizzeria\pizzeria.csproj", "{DC40A07A-5121-4616-A6D5-6AB0E4534314}"
EndProject
Global
	GlobalSection(SolutionConfigurationPlatforms) = preSolution
		Debug|Any CPU = Debug|Any CPU
		Release|Any CPU = Release|Any CPU
	EndGlobalSection
	GlobalSection(ProjectConfigurationPlatforms) = postSolution
		{DC40A07A-5121-4616-A6D5-6AB0E4534314}.Debug|Any CPU.ActiveCfg = Debug|Any CPU
		{DC40A07A-5121-4616-A6D5-6AB0E4534314}.Debug|Any CPU.Build.0 = Debug|Any CPU
		{DC40A07A-5121-4616-A6D5-6AB0E4534314}.Release|Any CPU.ActiveCfg = Release|Any CPU
		{DC40A07A-5121-4616-A6D5-6AB0E4534314}.Release|Any CPU.Build.0 = Release|Any CPU
	EndGlobalSection
	GlobalSection(SolutionProperties) = preSolution
		HideSolutionNode = FALSE
	EndGlobalSection
	GlobalSection(ExtensibilityGlobals) = postSolution
		SolutionGuid = {83282897-AD12-4AD6-9A0C-67E362A6A98A}
	EndGlobalSection
EndGlobal
