
Microsoft Visual Studio Solution File, Format Version 12.00
# Visual Studio Version 17
VisualStudioVersion = 17.9.34701.34
MinimumVisualStudioVersion = 10.0.40219.1
Project("{FAE04EC0-301F-11D3-BF4B-00C04F79EFBC}") = "StoringImages", "StoringImages\StoringImages.csproj", "{3266FFF2-CCD0-4DE3-A878-FE74E8F0F79A}"
EndProject
Global
	GlobalSection(SolutionConfigurationPlatforms) = preSolution
		Debug|Any CPU = Debug|Any CPU
		Release|Any CPU = Release|Any CPU
	EndGlobalSection
	GlobalSection(ProjectConfigurationPlatforms) = postSolution
		{3266FFF2-CCD0-4DE3-A878-FE74E8F0F79A}.Debug|Any CPU.ActiveCfg = Debug|Any CPU
		{3266FFF2-CCD0-4DE3-A878-FE74E8F0F79A}.Debug|Any CPU.Build.0 = Debug|Any CPU
		{3266FFF2-CCD0-4DE3-A878-FE74E8F0F79A}.Release|Any CPU.ActiveCfg = Release|Any CPU
		{3266FFF2-CCD0-4DE3-A878-FE74E8F0F79A}.Release|Any CPU.Build.0 = Release|Any CPU
	EndGlobalSection
	GlobalSection(SolutionProperties) = preSolution
		HideSolutionNode = FALSE
	EndGlobalSection
	GlobalSection(ExtensibilityGlobals) = postSolution
		SolutionGuid = {B0949DC9-DAC4-497A-B089-640065889DBD}
	EndGlobalSection
EndGlobal
